{
  "name": "ep_import_export",
  "version": "0.0.1",
  "lockfileVersion": 1,
  "requires": true,
  "dependencies": {
    "express-rate-limit": {
      "version": "5.2.6",
      "resolved": "https://registry.npmjs.org/express-rate-limit/-/express-rate-limit-5.2.6.tgz",
      "integrity": "sha512-nE96xaxGfxiS5jP3tD3kIW1Jg9yQgX0rXCs3rCkZtmbWHEGyotwaezkLj7bnB41Z0uaOLM8W4AX6qHao4IZ2YA=="
    },
    "formidable": {
      "version": "1.2.2",
      "resolved": "https://registry.npmjs.org/formidable/-/formidable-1.2.2.tgz",
      "integrity": "sha512-V8gLm+41I/8kguQ4/o1D3RIHRmhYFG4pnNyonvua+40rqcEmT4+V71yaZ3B457xbbgCsCfjSPi65u/W6vK1U5Q=="
    }
  }
}
